// !$*UTF8*$!
{
	archiveVersion = 1;
	classes = {
	};
	objectVersion = 46;
	objects = {

/* Begin PBXBuildFile section */
		E80218FB1F3979160027C662 /* AppDelegate.swift in Sources */ = {isa = PBXBuildFile; fileRef = E80218FA1F3979160027C662 /* AppDelegate.swift */; };
		E80219021F3979160027C662 /* Assets.xcassets in Resources */ = {isa = PBXBuildFile; fileRef = E80219011F3979160027C662 /* Assets.xcassets */; };
		E80219051F3979160027C662 /* LaunchScreen.storyboard in Resources */ = {isa = PBXBuildFile; fileRef = E80219031F3979160027C662 /* LaunchScreen.storyboard */; };
		E80219101F3979160027C662 /* KelimeciTests.swift in Sources */ = {isa = PBXBuildFile; fileRef = E802190F1F3979160027C662 /* KelimeciTests.swift */; };
		E802191B1F3979160027C662 /* KelimeciUITests.swift in Sources */ = {isa = PBXBuildFile; fileRef = E802191A1F3979160027C662 /* KelimeciUITests.swift */; };
		E816CBB320CE2C500041A280 /* UIColor.swift in Sources */ = {isa = PBXBuildFile; fileRef = E816CBB220CE2C500041A280 /* UIColor.swift */; };
		E8654BC520C4E40000A50819 /* games.xml in Resources */ = {isa = PBXBuildFile; fileRef = E8654BC420C4E40000A50819 /* games.xml */; };
		E8654BC720C4E4B700A50819 /* Word.swift in Sources */ = {isa = PBXBuildFile; fileRef = E8654BC620C4E4B700A50819 /* Word.swift */; };
		E8654BD120C4ECA800A50819 /* CollectionViewCell.swift in Sources */ = {isa = PBXBuildFile; fileRef = E8654BD020C4ECA800A50819 /* CollectionViewCell.swift */; };
		E8654BD320C4ECB500A50819 /* TimerView.swift in Sources */ = {isa = PBXBuildFile; fileRef = E8654BD220C4ECB500A50819 /* TimerView.swift */; };
		E8654BD520C4ECC300A50819 /* TableViewCell.swift in Sources */ = {isa = PBXBuildFile; fileRef = E8654BD420C4ECC300A50819 /* TableViewCell.swift */; };
		E8654BE020C4FA7000A50819 /* ControlPanelView.swift in Sources */ = {isa = PBXBuildFile; fileRef = E8654BDF20C4FA7000A50819 /* ControlPanelView.swift */; };
		E8654BFF20C531B800A50819 /* Sequence.swift in Sources */ = {isa = PBXBuildFile; fileRef = E8654BFE20C531B800A50819 /* Sequence.swift */; };
		E8654C0420C5327400A50819 /* SnapKit.framework in Frameworks */ = {isa = PBXBuildFile; fileRef = E8654C0220C5327400A50819 /* SnapKit.framework */; };
		E8654C0620C537FD00A50819 /* MatchTile.swift in Sources */ = {isa = PBXBuildFile; fileRef = E8654C0520C537FD00A50819 /* MatchTile.swift */; };
		E8654C0C20C60F0E00A50819 /* KTCenterFlowLayout.m in Sources */ = {isa = PBXBuildFile; fileRef = E8654C0A20C60F0E00A50819 /* KTCenterFlowLayout.m */; };
		E8654C1320C6184200A50819 /* NavigationBar.swift in Sources */ = {isa = PBXBuildFile; fileRef = E8654C1220C6184200A50819 /* NavigationBar.swift */; };
		E8654C2220C6510E00A50819 /* UIView+Borders.swift in Sources */ = {isa = PBXBuildFile; fileRef = E8654C1420C6510B00A50819 /* UIView+Borders.swift */; };
		E8654C2320C6510E00A50819 /* String+Helpers.swift in Sources */ = {isa = PBXBuildFile; fileRef = E8654C1520C6510B00A50819 /* String+Helpers.swift */; };
		E8654C2420C6510E00A50819 /* UIViewController+Helpers.swift in Sources */ = {isa = PBXBuildFile; fileRef = E8654C1620C6510C00A50819 /* UIViewController+Helpers.swift */; };
		E8654C2520C6510E00A50819 /* UIView+NibLoading.swift in Sources */ = {isa = PBXBuildFile; fileRef = E8654C1720C6510C00A50819 /* UIView+NibLoading.swift */; };
		E8654C2620C6510E00A50819 /* Array+Helpers.swift in Sources */ = {isa = PBXBuildFile; fileRef = E8654C1820C6510C00A50819 /* Array+Helpers.swift */; };
		E8654C2720C6510E00A50819 /* UIApplication+Helpers.swift in Sources */ = {isa = PBXBuildFile; fileRef = E8654C1920C6510C00A50819 /* UIApplication+Helpers.swift */; };
		E8654C2820C6510E00A50819 /* UIImage+Helpers.swift in Sources */ = {isa = PBXBuildFile; fileRef = E8654C1A20C6510C00A50819 /* UIImage+Helpers.swift */; };
		E8654C2920C6510E00A50819 /* NSObject+Helpers.swift in Sources */ = {isa = PBXBuildFile; fileRef = E8654C1B20C6510D00A50819 /* NSObject+Helpers.swift */; };
		E8654C2A20C6510E00A50819 /* UINavigationItem+Styling.swift in Sources */ = {isa = PBXBuildFile; fileRef = E8654C1C20C6510D00A50819 /* UINavigationItem+Styling.swift */; };
		E8654C2C20C6510E00A50819 /* UITableView+Helpers.swift in Sources */ = {isa = PBXBuildFile; fileRef = E8654C1E20C6510D00A50819 /* UITableView+Helpers.swift */; };
		E8654C2D20C6510E00A50819 /* UIFont.swift in Sources */ = {isa = PBXBuildFile; fileRef = E8654C1F20C6510D00A50819 /* UIFont.swift */; };
		E8654C2E20C6510E00A50819 /* UITableViewCell+Helpers.swift in Sources */ = {isa = PBXBuildFile; fileRef = E8654C2020C6510E00A50819 /* UITableViewCell+Helpers.swift */; };
		E8654C2F20C6510E00A50819 /* UICollectionView+Helpers.swift in Sources */ = {isa = PBXBuildFile; fileRef = E8654C2120C6510E00A50819 /* UICollectionView+Helpers.swift */; };
		E8654C3320C65B2900A50819 /* ResultsView.swift in Sources */ = {isa = PBXBuildFile; fileRef = E8654C3220C65B2900A50819 /* ResultsView.swift */; };
		E8654C3520C6617700A50819 /* MainViewController.swift in Sources */ = {isa = PBXBuildFile; fileRef = E8654C3420C6617700A50819 /* MainViewController.swift */; };
		E8654C3720C662CC00A50819 /* GameTypeButton.swift in Sources */ = {isa = PBXBuildFile; fileRef = E8654C3620C662CC00A50819 /* GameTypeButton.swift */; };
		E8654C3920C66BBF00A50819 /* HintsView.swift in Sources */ = {isa = PBXBuildFile; fileRef = E8654C3820C66BBF00A50819 /* HintsView.swift */; };
		E8654C4220C7055200A50819 /* 12_characters.xml in Resources */ = {isa = PBXBuildFile; fileRef = E8654C3C20C7055100A50819 /* 12_characters.xml */; };
		E8654C4320C7055200A50819 /* 11_characters.xml in Resources */ = {isa = PBXBuildFile; fileRef = E8654C3D20C7055100A50819 /* 11_characters.xml */; };
		E8654C4420C7055200A50819 /* 10_characters.xml in Resources */ = {isa = PBXBuildFile; fileRef = E8654C3E20C7055100A50819 /* 10_characters.xml */; };
		E8654C4520C7055200A50819 /* 9_characters.xml in Resources */ = {isa = PBXBuildFile; fileRef = E8654C3F20C7055100A50819 /* 9_characters.xml */; };
		E8654C4620C7055200A50819 /* 13_characters.xml in Resources */ = {isa = PBXBuildFile; fileRef = E8654C4020C7055200A50819 /* 13_characters.xml */; };
		E8654C4720C7055200A50819 /* 8_characters.xml in Resources */ = {isa = PBXBuildFile; fileRef = E8654C4120C7055200A50819 /* 8_characters.xml */; };
		E8654C4920C756FB00A50819 /* KeychainAccess.framework in Frameworks */ = {isa = PBXBuildFile; fileRef = E8654C4820C756FB00A50819 /* KeychainAccess.framework */; };
		E8654C4B20C7572100A50819 /* KeychainManager.swift in Sources */ = {isa = PBXBuildFile; fileRef = E8654C4A20C7572100A50819 /* KeychainManager.swift */; };
		E8654C4D20C8426C00A50819 /* ScoreView.swift in Sources */ = {isa = PBXBuildFile; fileRef = E8654C4C20C8426C00A50819 /* ScoreView.swift */; };
		E8654C5020C84D0100A50819 /* check.json in Resources */ = {isa = PBXBuildFile; fileRef = E8654C4F20C84D0100A50819 /* check.json */; };
		E8654C5220C84D0C00A50819 /* error.json in Resources */ = {isa = PBXBuildFile; fileRef = E8654C5120C84D0C00A50819 /* error.json */; };
		E8654C5420C84FE400A50819 /* Lottie.framework in Frameworks */ = {isa = PBXBuildFile; fileRef = E8654C5320C84FE400A50819 /* Lottie.framework */; };
		E8654C5C20CA499700A50819 /* HintCell.swift in Sources */ = {isa = PBXBuildFile; fileRef = E8654C5B20CA499700A50819 /* HintCell.swift */; };
		E8664E061F4F9D10005D2F53 /* ViewController.swift in Sources */ = {isa = PBXBuildFile; fileRef = E8664E051F4F9D10005D2F53 /* ViewController.swift */; };
		E8664E081F4F9D58005D2F53 /* ViewModel.swift in Sources */ = {isa = PBXBuildFile; fileRef = E8664E071F4F9D58005D2F53 /* ViewModel.swift */; };
		E8664E0A1F4F9D60005D2F53 /* LetterGame.swift in Sources */ = {isa = PBXBuildFile; fileRef = E8664E091F4F9D60005D2F53 /* LetterGame.swift */; };
		E8664E0C1F4F9D6E005D2F53 /* Constants.swift in Sources */ = {isa = PBXBuildFile; fileRef = E8664E0B1F4F9D6E005D2F53 /* Constants.swift */; };
		E8664E0E1F4F9D76005D2F53 /* Styleguide.swift in Sources */ = {isa = PBXBuildFile; fileRef = E8664E0D1F4F9D76005D2F53 /* Styleguide.swift */; };
		E8664E101F4F9D7F005D2F53 /* StyleguideHelpers.swift in Sources */ = {isa = PBXBuildFile; fileRef = E8664E0F1F4F9D7F005D2F53 /* StyleguideHelpers.swift */; };
		E8664E121F4F9D89005D2F53 /* LocalizationManager.swift in Sources */ = {isa = PBXBuildFile; fileRef = E8664E111F4F9D89005D2F53 /* LocalizationManager.swift */; };
		E8664E141F4F9D92005D2F53 /* GameSession.swift in Sources */ = {isa = PBXBuildFile; fileRef = E8664E131F4F9D92005D2F53 /* GameSession.swift */; };
		E8664E181F4F9DC2005D2F53 /* GameplayViewController.swift in Sources */ = {isa = PBXBuildFile; fileRef = E8664E171F4F9DC2005D2F53 /* GameplayViewController.swift */; };
		E8664E1A1F4F9DCE005D2F53 /* MatchesView.swift in Sources */ = {isa = PBXBuildFile; fileRef = E8664E191F4F9DCE005D2F53 /* MatchesView.swift */; };
		E8664E1C1F4F9DD5005D2F53 /* LettersView.swift in Sources */ = {isa = PBXBuildFile; fileRef = E8664E1B1F4F9DD5005D2F53 /* LettersView.swift */; };
		E8664E1E1F4F9DDF005D2F53 /* GameplayViewModel.swift in Sources */ = {isa = PBXBuildFile; fileRef = E8664E1D1F4F9DDF005D2F53 /* GameplayViewModel.swift */; };
		E8664E201F4F9DE8005D2F53 /* StatsView.swift in Sources */ = {isa = PBXBuildFile; fileRef = E8664E1F1F4F9DE8005D2F53 /* StatsView.swift */; };
		E8664E221F4F9DF3005D2F53 /* CharacterTile.swift in Sources */ = {isa = PBXBuildFile; fileRef = E8664E211F4F9DF3005D2F53 /* CharacterTile.swift */; };
		E8664E241F4F9DFD005D2F53 /* GuessedWord.swift in Sources */ = {isa = PBXBuildFile; fileRef = E8664E231F4F9DFD005D2F53 /* GuessedWord.swift */; };
		E8664E261F4F9E07005D2F53 /* Main.storyboard in Resources */ = {isa = PBXBuildFile; fileRef = E8664E251F4F9E07005D2F53 /* Main.storyboard */; };
		E8664E291F4F9E3C005D2F53 /* Localizable.strings in Resources */ = {isa = PBXBuildFile; fileRef = E8664E281F4F9E3C005D2F53 /* Localizable.strings */; };
		E8664E2B1F4FA3C9005D2F53 /* Game.swift in Sources */ = {isa = PBXBuildFile; fileRef = E8664E2A1F4FA3C9005D2F53 /* Game.swift */; };
		E8664E2D1F4FA49F005D2F53 /* XMLParser.swift in Sources */ = {isa = PBXBuildFile; fileRef = E8664E2C1F4FA49F005D2F53 /* XMLParser.swift */; };
/* End PBXBuildFile section */

/* Begin PBXContainerItemProxy section */
		E802190C1F3979160027C662 /* PBXContainerItemProxy */ = {
			isa = PBXContainerItemProxy;
			containerPortal = E80218EF1F3979160027C662 /* Project object */;
			proxyType = 1;
			remoteGlobalIDString = E80218F61F3979160027C662;
			remoteInfo = Kelimeci;
		};
		E80219171F3979160027C662 /* PBXContainerItemProxy */ = {
			isa = PBXContainerItemProxy;
			containerPortal = E80218EF1F3979160027C662 /* Project object */;
			proxyType = 1;
			remoteGlobalIDString = E80218F61F3979160027C662;
			remoteInfo = Kelimeci;
		};
/* End PBXContainerItemProxy section */

/* Begin PBXFileReference section */
		E80218F71F3979160027C662 /* Kelimeci.app */ = {isa = PBXFileReference; explicitFileType = wrapper.application; includeInIndex = 0; path = Kelimeci.app; sourceTree = BUILT_PRODUCTS_DIR; };
		E80218FA1F3979160027C662 /* AppDelegate.swift */ = {isa = PBXFileReference; lastKnownFileType = sourcecode.swift; path = AppDelegate.swift; sourceTree = "<group>"; };
		E80219011F3979160027C662 /* Assets.xcassets */ = {isa = PBXFileReference; lastKnownFileType = folder.assetcatalog; path = Assets.xcassets; sourceTree = "<group>"; };
		E80219041F3979160027C662 /* Base */ = {isa = PBXFileReference; lastKnownFileType = file.storyboard; name = Base; path = Base.lproj/LaunchScreen.storyboard; sourceTree = "<group>"; };
		E80219061F3979160027C662 /* Info.plist */ = {isa = PBXFileReference; lastKnownFileType = text.plist.xml; path = Info.plist; sourceTree = "<group>"; };
		E802190B1F3979160027C662 /* KelimeciTests.xctest */ = {isa = PBXFileReference; explicitFileType = wrapper.cfbundle; includeInIndex = 0; path = KelimeciTests.xctest; sourceTree = BUILT_PRODUCTS_DIR; };
		E802190F1F3979160027C662 /* KelimeciTests.swift */ = {isa = PBXFileReference; lastKnownFileType = sourcecode.swift; path = KelimeciTests.swift; sourceTree = "<group>"; };
		E80219111F3979160027C662 /* Info.plist */ = {isa = PBXFileReference; lastKnownFileType = text.plist.xml; path = Info.plist; sourceTree = "<group>"; };
		E80219161F3979160027C662 /* KelimeciUITests.xctest */ = {isa = PBXFileReference; explicitFileType = wrapper.cfbundle; includeInIndex = 0; path = KelimeciUITests.xctest; sourceTree = BUILT_PRODUCTS_DIR; };
		E802191A1F3979160027C662 /* KelimeciUITests.swift */ = {isa = PBXFileReference; lastKnownFileType = sourcecode.swift; path = KelimeciUITests.swift; sourceTree = "<group>"; };
		E802191C1F3979160027C662 /* Info.plist */ = {isa = PBXFileReference; lastKnownFileType = text.plist.xml; path = Info.plist; sourceTree = "<group>"; };
		E816CBB220CE2C500041A280 /* UIColor.swift */ = {isa = PBXFileReference; lastKnownFileType = sourcecode.swift; path = UIColor.swift; sourceTree = "<group>"; };
		E8654BC420C4E40000A50819 /* games.xml */ = {isa = PBXFileReference; fileEncoding = 4; lastKnownFileType = text.xml; path = games.xml; sourceTree = "<group>"; };
		E8654BC620C4E4B700A50819 /* Word.swift */ = {isa = PBXFileReference; lastKnownFileType = sourcecode.swift; name = Word.swift; path = ../../../../../Word.swift; sourceTree = "<group>"; };
		E8654BD020C4ECA800A50819 /* CollectionViewCell.swift */ = {isa = PBXFileReference; fileEncoding = 4; lastKnownFileType = sourcecode.swift; path = CollectionViewCell.swift; sourceTree = "<group>"; };
		E8654BD220C4ECB500A50819 /* TimerView.swift */ = {isa = PBXFileReference; fileEncoding = 4; lastKnownFileType = sourcecode.swift; path = TimerView.swift; sourceTree = "<group>"; };
		E8654BD420C4ECC300A50819 /* TableViewCell.swift */ = {isa = PBXFileReference; fileEncoding = 4; lastKnownFileType = sourcecode.swift; path = TableViewCell.swift; sourceTree = "<group>"; };
		E8654BDF20C4FA7000A50819 /* ControlPanelView.swift */ = {isa = PBXFileReference; lastKnownFileType = sourcecode.swift; path = ControlPanelView.swift; sourceTree = "<group>"; };
		E8654BFE20C531B800A50819 /* Sequence.swift */ = {isa = PBXFileReference; lastKnownFileType = sourcecode.swift; name = Sequence.swift; path = ../../../../Sequence.swift; sourceTree = "<group>"; };
		E8654C0220C5327400A50819 /* SnapKit.framework */ = {isa = PBXFileReference; lastKnownFileType = wrapper.framework; name = SnapKit.framework; path = Carthage/Build/iOS/SnapKit.framework; sourceTree = "<group>"; };
		E8654C0520C537FD00A50819 /* MatchTile.swift */ = {isa = PBXFileReference; lastKnownFileType = sourcecode.swift; path = MatchTile.swift; sourceTree = "<group>"; };
		E8654C0A20C60F0E00A50819 /* KTCenterFlowLayout.m */ = {isa = PBXFileReference; fileEncoding = 4; lastKnownFileType = sourcecode.c.objc; path = KTCenterFlowLayout.m; sourceTree = "<group>"; };
		E8654C0B20C60F0E00A50819 /* KTCenterFlowLayout.h */ = {isa = PBXFileReference; fileEncoding = 4; lastKnownFileType = sourcecode.c.h; path = KTCenterFlowLayout.h; sourceTree = "<group>"; };
		E8654C1120C6108400A50819 /* Kelimeci-Bridging-Header.h */ = {isa = PBXFileReference; lastKnownFileType = sourcecode.c.h; path = "Kelimeci-Bridging-Header.h"; sourceTree = "<group>"; };
		E8654C1220C6184200A50819 /* NavigationBar.swift */ = {isa = PBXFileReference; lastKnownFileType = sourcecode.swift; path = NavigationBar.swift; sourceTree = "<group>"; };
		E8654C1420C6510B00A50819 /* UIView+Borders.swift */ = {isa = PBXFileReference; fileEncoding = 4; lastKnownFileType = sourcecode.swift; path = "UIView+Borders.swift"; sourceTree = "<group>"; };
		E8654C1520C6510B00A50819 /* String+Helpers.swift */ = {isa = PBXFileReference; fileEncoding = 4; lastKnownFileType = sourcecode.swift; path = "String+Helpers.swift"; sourceTree = "<group>"; };
		E8654C1620C6510C00A50819 /* UIViewController+Helpers.swift */ = {isa = PBXFileReference; fileEncoding = 4; lastKnownFileType = sourcecode.swift; path = "UIViewController+Helpers.swift"; sourceTree = "<group>"; };
		E8654C1720C6510C00A50819 /* UIView+NibLoading.swift */ = {isa = PBXFileReference; fileEncoding = 4; lastKnownFileType = sourcecode.swift; path = "UIView+NibLoading.swift"; sourceTree = "<group>"; };
		E8654C1820C6510C00A50819 /* Array+Helpers.swift */ = {isa = PBXFileReference; fileEncoding = 4; lastKnownFileType = sourcecode.swift; path = "Array+Helpers.swift"; sourceTree = "<group>"; };
		E8654C1920C6510C00A50819 /* UIApplication+Helpers.swift */ = {isa = PBXFileReference; fileEncoding = 4; lastKnownFileType = sourcecode.swift; path = "UIApplication+Helpers.swift"; sourceTree = "<group>"; };
		E8654C1A20C6510C00A50819 /* UIImage+Helpers.swift */ = {isa = PBXFileReference; fileEncoding = 4; lastKnownFileType = sourcecode.swift; path = "UIImage+Helpers.swift"; sourceTree = "<group>"; };
		E8654C1B20C6510D00A50819 /* NSObject+Helpers.swift */ = {isa = PBXFileReference; fileEncoding = 4; lastKnownFileType = sourcecode.swift; path = "NSObject+Helpers.swift"; sourceTree = "<group>"; };
		E8654C1C20C6510D00A50819 /* UINavigationItem+Styling.swift */ = {isa = PBXFileReference; fileEncoding = 4; lastKnownFileType = sourcecode.swift; path = "UINavigationItem+Styling.swift"; sourceTree = "<group>"; };
		E8654C1E20C6510D00A50819 /* UITableView+Helpers.swift */ = {isa = PBXFileReference; fileEncoding = 4; lastKnownFileType = sourcecode.swift; path = "UITableView+Helpers.swift"; sourceTree = "<group>"; };
		E8654C1F20C6510D00A50819 /* UIFont.swift */ = {isa = PBXFileReference; fileEncoding = 4; lastKnownFileType = sourcecode.swift; path = UIFont.swift; sourceTree = "<group>"; };
		E8654C2020C6510E00A50819 /* UITableViewCell+Helpers.swift */ = {isa = PBXFileReference; fileEncoding = 4; lastKnownFileType = sourcecode.swift; path = "UITableViewCell+Helpers.swift"; sourceTree = "<group>"; };
		E8654C2120C6510E00A50819 /* UICollectionView+Helpers.swift */ = {isa = PBXFileReference; fileEncoding = 4; lastKnownFileType = sourcecode.swift; path = "UICollectionView+Helpers.swift"; sourceTree = "<group>"; };
		E8654C3220C65B2900A50819 /* ResultsView.swift */ = {isa = PBXFileReference; lastKnownFileType = sourcecode.swift; path = ResultsView.swift; sourceTree = "<group>"; };
		E8654C3420C6617700A50819 /* MainViewController.swift */ = {isa = PBXFileReference; lastKnownFileType = sourcecode.swift; path = MainViewController.swift; sourceTree = "<group>"; };
		E8654C3620C662CC00A50819 /* GameTypeButton.swift */ = {isa = PBXFileReference; lastKnownFileType = sourcecode.swift; path = GameTypeButton.swift; sourceTree = "<group>"; };
		E8654C3820C66BBF00A50819 /* HintsView.swift */ = {isa = PBXFileReference; lastKnownFileType = sourcecode.swift; path = HintsView.swift; sourceTree = "<group>"; };
		E8654C3C20C7055100A50819 /* 12_characters.xml */ = {isa = PBXFileReference; fileEncoding = 4; lastKnownFileType = text.xml; path = 12_characters.xml; sourceTree = "<group>"; };
		E8654C3D20C7055100A50819 /* 11_characters.xml */ = {isa = PBXFileReference; fileEncoding = 4; lastKnownFileType = text.xml; path = 11_characters.xml; sourceTree = "<group>"; };
		E8654C3E20C7055100A50819 /* 10_characters.xml */ = {isa = PBXFileReference; fileEncoding = 4; lastKnownFileType = text.xml; path = 10_characters.xml; sourceTree = "<group>"; };
		E8654C3F20C7055100A50819 /* 9_characters.xml */ = {isa = PBXFileReference; fileEncoding = 4; lastKnownFileType = text.xml; path = 9_characters.xml; sourceTree = "<group>"; };
		E8654C4020C7055200A50819 /* 13_characters.xml */ = {isa = PBXFileReference; fileEncoding = 4; lastKnownFileType = text.xml; path = 13_characters.xml; sourceTree = "<group>"; };
		E8654C4120C7055200A50819 /* 8_characters.xml */ = {isa = PBXFileReference; fileEncoding = 4; lastKnownFileType = text.xml; path = 8_characters.xml; sourceTree = "<group>"; };
		E8654C4820C756FB00A50819 /* KeychainAccess.framework */ = {isa = PBXFileReference; lastKnownFileType = wrapper.framework; name = KeychainAccess.framework; path = Carthage/Build/iOS/KeychainAccess.framework; sourceTree = "<group>"; };
		E8654C4A20C7572100A50819 /* KeychainManager.swift */ = {isa = PBXFileReference; lastKnownFileType = sourcecode.swift; path = KeychainManager.swift; sourceTree = "<group>"; };
		E8654C4C20C8426C00A50819 /* ScoreView.swift */ = {isa = PBXFileReference; lastKnownFileType = sourcecode.swift; path = ScoreView.swift; sourceTree = "<group>"; };
		E8654C4F20C84D0100A50819 /* check.json */ = {isa = PBXFileReference; fileEncoding = 4; lastKnownFileType = text.json; path = check.json; sourceTree = "<group>"; };
		E8654C5120C84D0C00A50819 /* error.json */ = {isa = PBXFileReference; fileEncoding = 4; lastKnownFileType = text.json; path = error.json; sourceTree = "<group>"; };
		E8654C5320C84FE400A50819 /* Lottie.framework */ = {isa = PBXFileReference; lastKnownFileType = wrapper.framework; name = Lottie.framework; path = Carthage/Build/iOS/Lottie.framework; sourceTree = "<group>"; };
		E8654C5B20CA499700A50819 /* HintCell.swift */ = {isa = PBXFileReference; lastKnownFileType = sourcecode.swift; path = HintCell.swift; sourceTree = "<group>"; };
		E8664E051F4F9D10005D2F53 /* ViewController.swift */ = {isa = PBXFileReference; lastKnownFileType = sourcecode.swift; path = ViewController.swift; sourceTree = "<group>"; };
		E8664E071F4F9D58005D2F53 /* ViewModel.swift */ = {isa = PBXFileReference; lastKnownFileType = sourcecode.swift; path = ViewModel.swift; sourceTree = "<group>"; };
		E8664E091F4F9D60005D2F53 /* LetterGame.swift */ = {isa = PBXFileReference; lastKnownFileType = sourcecode.swift; path = LetterGame.swift; sourceTree = "<group>"; };
		E8664E0B1F4F9D6E005D2F53 /* Constants.swift */ = {isa = PBXFileReference; lastKnownFileType = sourcecode.swift; path = Constants.swift; sourceTree = "<group>"; };
		E8664E0D1F4F9D76005D2F53 /* Styleguide.swift */ = {isa = PBXFileReference; lastKnownFileType = sourcecode.swift; path = Styleguide.swift; sourceTree = "<group>"; };
		E8664E0F1F4F9D7F005D2F53 /* StyleguideHelpers.swift */ = {isa = PBXFileReference; lastKnownFileType = sourcecode.swift; path = StyleguideHelpers.swift; sourceTree = "<group>"; };
		E8664E111F4F9D89005D2F53 /* LocalizationManager.swift */ = {isa = PBXFileReference; lastKnownFileType = sourcecode.swift; path = LocalizationManager.swift; sourceTree = "<group>"; };
		E8664E131F4F9D92005D2F53 /* GameSession.swift */ = {isa = PBXFileReference; lastKnownFileType = sourcecode.swift; path = GameSession.swift; sourceTree = "<group>"; };
		E8664E171F4F9DC2005D2F53 /* GameplayViewController.swift */ = {isa = PBXFileReference; lastKnownFileType = sourcecode.swift; path = GameplayViewController.swift; sourceTree = "<group>"; };
		E8664E191F4F9DCE005D2F53 /* MatchesView.swift */ = {isa = PBXFileReference; lastKnownFileType = sourcecode.swift; path = MatchesView.swift; sourceTree = "<group>"; };
		E8664E1B1F4F9DD5005D2F53 /* LettersView.swift */ = {isa = PBXFileReference; lastKnownFileType = sourcecode.swift; path = LettersView.swift; sourceTree = "<group>"; };
		E8664E1D1F4F9DDF005D2F53 /* GameplayViewModel.swift */ = {isa = PBXFileReference; lastKnownFileType = sourcecode.swift; path = GameplayViewModel.swift; sourceTree = "<group>"; };
		E8664E1F1F4F9DE8005D2F53 /* StatsView.swift */ = {isa = PBXFileReference; lastKnownFileType = sourcecode.swift; path = StatsView.swift; sourceTree = "<group>"; };
		E8664E211F4F9DF3005D2F53 /* CharacterTile.swift */ = {isa = PBXFileReference; lastKnownFileType = sourcecode.swift; path = CharacterTile.swift; sourceTree = "<group>"; };
		E8664E231F4F9DFD005D2F53 /* GuessedWord.swift */ = {isa = PBXFileReference; lastKnownFileType = sourcecode.swift; path = GuessedWord.swift; sourceTree = "<group>"; };
		E8664E251F4F9E07005D2F53 /* Main.storyboard */ = {isa = PBXFileReference; lastKnownFileType = file.storyboard; path = Main.storyboard; sourceTree = "<group>"; };
		E8664E271F4F9E1F005D2F53 /* Info.plist */ = {isa = PBXFileReference; lastKnownFileType = text.plist.xml; name = Info.plist; path = Kelimeci/Info.plist; sourceTree = SOURCE_ROOT; };
		E8664E281F4F9E3C005D2F53 /* Localizable.strings */ = {isa = PBXFileReference; lastKnownFileType = text.plist.strings; path = Localizable.strings; sourceTree = "<group>"; };
		E8664E2A1F4FA3C9005D2F53 /* Game.swift */ = {isa = PBXFileReference; lastKnownFileType = sourcecode.swift; path = Game.swift; sourceTree = "<group>"; };
		E8664E2C1F4FA49F005D2F53 /* XMLParser.swift */ = {isa = PBXFileReference; lastKnownFileType = sourcecode.swift; path = XMLParser.swift; sourceTree = "<group>"; };
/* End PBXFileReference section */

/* Begin PBXFrameworksBuildPhase section */
		E80218F41F3979160027C662 /* Frameworks */ = {
			isa = PBXFrameworksBuildPhase;
			buildActionMask = 2147483647;
			files = (
				E8654C4920C756FB00A50819 /* KeychainAccess.framework in Frameworks */,
				E8654C0420C5327400A50819 /* SnapKit.framework in Frameworks */,
				E8654C5420C84FE400A50819 /* Lottie.framework in Frameworks */,
			);
			runOnlyForDeploymentPostprocessing = 0;
		};
		E80219081F3979160027C662 /* Frameworks */ = {
			isa = PBXFrameworksBuildPhase;
			buildActionMask = 2147483647;
			files = (
			);
			runOnlyForDeploymentPostprocessing = 0;
		};
		E80219131F3979160027C662 /* Frameworks */ = {
			isa = PBXFrameworksBuildPhase;
			buildActionMask = 2147483647;
			files = (
			);
			runOnlyForDeploymentPostprocessing = 0;
		};
/* End PBXFrameworksBuildPhase section */

/* Begin PBXGroup section */
		E80218EE1F3979160027C662 = {
			isa = PBXGroup;
			children = (
				E8654C0020C5321C00A50819 /* Frameworks */,
				E80218F91F3979160027C662 /* Kelimeci */,
				E802190E1F3979160027C662 /* KelimeciTests */,
				E80219191F3979160027C662 /* KelimeciUITests */,
				E80218F81F3979160027C662 /* Products */,
			);
			sourceTree = "<group>";
		};
		E80218F81F3979160027C662 /* Products */ = {
			isa = PBXGroup;
			children = (
				E80218F71F3979160027C662 /* Kelimeci.app */,
				E802190B1F3979160027C662 /* KelimeciTests.xctest */,
				E80219161F3979160027C662 /* KelimeciUITests.xctest */,
			);
			name = Products;
			sourceTree = "<group>";
		};
		E80218F91F3979160027C662 /* Kelimeci */ = {
			isa = PBXGroup;
			children = (
				E80219311F3979490027C662 /* Base */,
				E80219331F3979490027C662 /* Extensions */,
				E80219341F3979490027C662 /* External */,
				E80219381F3979490027C662 /* Helpers */,
				E802193C1F3979490027C662 /* Managers */,
				E80219411F3979490027C662 /* Resources */,
				E802195D1F3979490027C662 /* Stories */,
				E80219691F3979490027C662 /* Storyboards */,
				E802196B1F3979490027C662 /* SupportingFiles */,
				E80218FA1F3979160027C662 /* AppDelegate.swift */,
				E80219011F3979160027C662 /* Assets.xcassets */,
				E80219061F3979160027C662 /* Info.plist */,
				E80219031F3979160027C662 /* LaunchScreen.storyboard */,
				E8654C1120C6108400A50819 /* Kelimeci-Bridging-Header.h */,
			);
			path = Kelimeci;
			sourceTree = "<group>";
		};
		E802190E1F3979160027C662 /* KelimeciTests */ = {
			isa = PBXGroup;
			children = (
				E80219111F3979160027C662 /* Info.plist */,
				E802190F1F3979160027C662 /* KelimeciTests.swift */,
			);
			path = KelimeciTests;
			sourceTree = "<group>";
		};
		E80219191F3979160027C662 /* KelimeciUITests */ = {
			isa = PBXGroup;
			children = (
				E802191C1F3979160027C662 /* Info.plist */,
				E802191A1F3979160027C662 /* KelimeciUITests.swift */,
			);
			path = KelimeciUITests;
			sourceTree = "<group>";
		};
		E80219281F3979490027C662 /* Models */ = {
			isa = PBXGroup;
			children = (
				E8654BC620C4E4B700A50819 /* Word.swift */,
			);
			path = Models;
			sourceTree = "<group>";
		};
		E80219291F3979490027C662 /* Protocols */ = {
			isa = PBXGroup;
			children = (
			);
			path = Protocols;
			sourceTree = "<group>";
		};
		E802192B1F3979490027C662 /* ViewControllers */ = {
			isa = PBXGroup;
			children = (
				E8664E051F4F9D10005D2F53 /* ViewController.swift */,
			);
			path = ViewControllers;
			sourceTree = "<group>";
		};
		E802192E1F3979490027C662 /* ViewModels */ = {
			isa = PBXGroup;
			children = (
				E8664E2A1F4FA3C9005D2F53 /* Game.swift */,
				E8664E091F4F9D60005D2F53 /* LetterGame.swift */,
				E8664E071F4F9D58005D2F53 /* ViewModel.swift */,
			);
			path = ViewModels;
			sourceTree = "<group>";
		};
		E80219301F3979490027C662 /* Views */ = {
			isa = PBXGroup;
			children = (
				E8654BD020C4ECA800A50819 /* CollectionViewCell.swift */,
				E8654BD420C4ECC300A50819 /* TableViewCell.swift */,
				E8654BD220C4ECB500A50819 /* TimerView.swift */,
			);
			path = Views;
			sourceTree = "<group>";
		};
		E80219311F3979490027C662 /* Base */ = {
			isa = PBXGroup;
			children = (
				E80219281F3979490027C662 /* Models */,
				E80219291F3979490027C662 /* Protocols */,
				E802192B1F3979490027C662 /* ViewControllers */,
				E802192E1F3979490027C662 /* ViewModels */,
				E80219301F3979490027C662 /* Views */,
			);
			path = Base;
			sourceTree = "<group>";
		};
		E80219331F3979490027C662 /* Extensions */ = {
			isa = PBXGroup;
			children = (
				E8654C1820C6510C00A50819 /* Array+Helpers.swift */,
				E8654C1B20C6510D00A50819 /* NSObject+Helpers.swift */,
				E8654C1520C6510B00A50819 /* String+Helpers.swift */,
				E8654C1920C6510C00A50819 /* UIApplication+Helpers.swift */,
				E8654C2120C6510E00A50819 /* UICollectionView+Helpers.swift */,
				E8654C1F20C6510D00A50819 /* UIFont.swift */,
				E8654C1A20C6510C00A50819 /* UIImage+Helpers.swift */,
				E8654C1C20C6510D00A50819 /* UINavigationItem+Styling.swift */,
				E8654C1E20C6510D00A50819 /* UITableView+Helpers.swift */,
				E8654C2020C6510E00A50819 /* UITableViewCell+Helpers.swift */,
				E8654C1420C6510B00A50819 /* UIView+Borders.swift */,
				E8654C1720C6510C00A50819 /* UIView+NibLoading.swift */,
				E8654C1620C6510C00A50819 /* UIViewController+Helpers.swift */,
				E8654BFE20C531B800A50819 /* Sequence.swift */,
				E816CBB220CE2C500041A280 /* UIColor.swift */,
			);
			path = Extensions;
			sourceTree = "<group>";
		};
		E80219341F3979490027C662 /* External */ = {
			isa = PBXGroup;
			children = (
				E8654C0920C60F0000A50819 /* KTCenterFlowLayout */,
			);
			path = External;
			sourceTree = "<group>";
		};
		E80219381F3979490027C662 /* Helpers */ = {
			isa = PBXGroup;
			children = (
				E8664E0B1F4F9D6E005D2F53 /* Constants.swift */,
				E8664E0D1F4F9D76005D2F53 /* Styleguide.swift */,
				E8664E0F1F4F9D7F005D2F53 /* StyleguideHelpers.swift */,
				E8654C1220C6184200A50819 /* NavigationBar.swift */,
			);
			path = Helpers;
			sourceTree = "<group>";
		};
		E802193C1F3979490027C662 /* Managers */ = {
			isa = PBXGroup;
			children = (
				E8664E131F4F9D92005D2F53 /* GameSession.swift */,
				E8664E111F4F9D89005D2F53 /* LocalizationManager.swift */,
				E8664E2C1F4FA49F005D2F53 /* XMLParser.swift */,
				E8654C4A20C7572100A50819 /* KeychainManager.swift */,
			);
			path = Managers;
			sourceTree = "<group>";
		};
		E80219401F3979490027C662 /* Strings */ = {
			isa = PBXGroup;
			children = (
				E8654C4120C7055200A50819 /* 8_characters.xml */,
				E8654C3F20C7055100A50819 /* 9_characters.xml */,
				E8654C3E20C7055100A50819 /* 10_characters.xml */,
				E8654C3D20C7055100A50819 /* 11_characters.xml */,
				E8654C3C20C7055100A50819 /* 12_characters.xml */,
				E8654C4020C7055200A50819 /* 13_characters.xml */,
				E8664E281F4F9E3C005D2F53 /* Localizable.strings */,
				E8654BC420C4E40000A50819 /* games.xml */,
			);
			path = Strings;
			sourceTree = "<group>";
		};
		E80219411F3979490027C662 /* Resources */ = {
			isa = PBXGroup;
			children = (
				E8654C4E20C84CF400A50819 /* Animations */,
				E80219401F3979490027C662 /* Strings */,
			);
			path = Resources;
			sourceTree = "<group>";
		};
		E802195D1F3979490027C662 /* Stories */ = {
			isa = PBXGroup;
			children = (
				E8664E211F4F9DF3005D2F53 /* CharacterTile.swift */,
				E8654BDF20C4FA7000A50819 /* ControlPanelView.swift */,
				E8664E171F4F9DC2005D2F53 /* GameplayViewController.swift */,
				E8664E1D1F4F9DDF005D2F53 /* GameplayViewModel.swift */,
				E8664E231F4F9DFD005D2F53 /* GuessedWord.swift */,
				E8664E1B1F4F9DD5005D2F53 /* LettersView.swift */,
				E8654C0520C537FD00A50819 /* MatchTile.swift */,
				E8664E191F4F9DCE005D2F53 /* MatchesView.swift */,
				E8664E1F1F4F9DE8005D2F53 /* StatsView.swift */,
				E8654C3220C65B2900A50819 /* ResultsView.swift */,
				E8654C3420C6617700A50819 /* MainViewController.swift */,
				E8654C3620C662CC00A50819 /* GameTypeButton.swift */,
				E8654C3820C66BBF00A50819 /* HintsView.swift */,
				E8654C4C20C8426C00A50819 /* ScoreView.swift */,
				E8654C5B20CA499700A50819 /* HintCell.swift */,
			);
			path = Stories;
			sourceTree = "<group>";
		};
		E80219691F3979490027C662 /* Storyboards */ = {
			isa = PBXGroup;
			children = (
				E8664E251F4F9E07005D2F53 /* Main.storyboard */,
			);
			path = Storyboards;
			sourceTree = "<group>";
		};
		E802196B1F3979490027C662 /* SupportingFiles */ = {
			isa = PBXGroup;
			children = (
				E8664E271F4F9E1F005D2F53 /* Info.plist */,
			);
			path = SupportingFiles;
			sourceTree = "<group>";
		};
		E8654C0020C5321C00A50819 /* Frameworks */ = {
			isa = PBXGroup;
			children = (
				E8654C5320C84FE400A50819 /* Lottie.framework */,
				E8654C4820C756FB00A50819 /* KeychainAccess.framework */,
				E8654C0220C5327400A50819 /* SnapKit.framework */,
			);
			name = Frameworks;
			sourceTree = "<group>";
		};
		E8654C0920C60F0000A50819 /* KTCenterFlowLayout */ = {
			isa = PBXGroup;
			children = (
				E8654C0B20C60F0E00A50819 /* KTCenterFlowLayout.h */,
				E8654C0A20C60F0E00A50819 /* KTCenterFlowLayout.m */,
			);
			path = KTCenterFlowLayout;
			sourceTree = "<group>";
		};
		E8654C4E20C84CF400A50819 /* Animations */ = {
			isa = PBXGroup;
			children = (
				E8654C5120C84D0C00A50819 /* error.json */,
				E8654C4F20C84D0100A50819 /* check.json */,
			);
			path = Animations;
			sourceTree = "<group>";
		};
/* End PBXGroup section */

/* Begin PBXNativeTarget section */
		E80218F61F3979160027C662 /* Kelimeci */ = {
			isa = PBXNativeTarget;
			buildConfigurationList = E802191F1F3979160027C662 /* Build configuration list for PBXNativeTarget "Kelimeci" */;
			buildPhases = (
				E80218F31F3979160027C662 /* Sources */,
				E80218F41F3979160027C662 /* Frameworks */,
				E80218F51F3979160027C662 /* Resources */,
				E8654BD620C4EDC400A50819 /* ShellScript */,
			);
			buildRules = (
			);
			dependencies = (
			);
			name = Kelimeci;
			productName = Kelimeci;
			productReference = E80218F71F3979160027C662 /* Kelimeci.app */;
			productType = "com.apple.product-type.application";
		};
		E802190A1F3979160027C662 /* KelimeciTests */ = {
			isa = PBXNativeTarget;
			buildConfigurationList = E80219221F3979160027C662 /* Build configuration list for PBXNativeTarget "KelimeciTests" */;
			buildPhases = (
				E80219071F3979160027C662 /* Sources */,
				E80219081F3979160027C662 /* Frameworks */,
				E80219091F3979160027C662 /* Resources */,
			);
			buildRules = (
			);
			dependencies = (
				E802190D1F3979160027C662 /* PBXTargetDependency */,
			);
			name = KelimeciTests;
			productName = KelimeciTests;
			productReference = E802190B1F3979160027C662 /* KelimeciTests.xctest */;
			productType = "com.apple.product-type.bundle.unit-test";
		};
		E80219151F3979160027C662 /* KelimeciUITests */ = {
			isa = PBXNativeTarget;
			buildConfigurationList = E80219251F3979160027C662 /* Build configuration list for PBXNativeTarget "KelimeciUITests" */;
			buildPhases = (
				E80219121F3979160027C662 /* Sources */,
				E80219131F3979160027C662 /* Frameworks */,
				E80219141F3979160027C662 /* Resources */,
			);
			buildRules = (
			);
			dependencies = (
				E80219181F3979160027C662 /* PBXTargetDependency */,
			);
			name = KelimeciUITests;
			productName = KelimeciUITests;
			productReference = E80219161F3979160027C662 /* KelimeciUITests.xctest */;
			productType = "com.apple.product-type.bundle.ui-testing";
		};
/* End PBXNativeTarget section */

/* Begin PBXProject section */
		E80218EF1F3979160027C662 /* Project object */ = {
			isa = PBXProject;
			attributes = {
				LastSwiftUpdateCheck = 0830;
				LastUpgradeCheck = 0830;
				ORGANIZATIONNAME = "Emel Topaloglu";
				TargetAttributes = {
					E80218F61F3979160027C662 = {
						CreatedOnToolsVersion = 8.3.3;
						DevelopmentTeam = M8RP4V9R4D;
						ProvisioningStyle = Automatic;
					};
					E802190A1F3979160027C662 = {
						CreatedOnToolsVersion = 8.3.3;
						ProvisioningStyle = Automatic;
						TestTargetID = E80218F61F3979160027C662;
					};
					E80219151F3979160027C662 = {
						CreatedOnToolsVersion = 8.3.3;
						ProvisioningStyle = Automatic;
						TestTargetID = E80218F61F3979160027C662;
					};
				};
			};
			buildConfigurationList = E80218F21F3979160027C662 /* Build configuration list for PBXProject "Kelimeci" */;
			compatibilityVersion = "Xcode 3.2";
			developmentRegion = English;
			hasScannedForEncodings = 0;
			knownRegions = (
				en,
				Base,
			);
			mainGroup = E80218EE1F3979160027C662;
			productRefGroup = E80218F81F3979160027C662 /* Products */;
			projectDirPath = "";
			projectRoot = "";
			targets = (
				E80218F61F3979160027C662 /* Kelimeci */,
				E802190A1F3979160027C662 /* KelimeciTests */,
				E80219151F3979160027C662 /* KelimeciUITests */,
			);
		};
/* End PBXProject section */

/* Begin PBXResourcesBuildPhase section */
		E80218F51F3979160027C662 /* Resources */ = {
			isa = PBXResourcesBuildPhase;
			buildActionMask = 2147483647;
			files = (
				E8654C5020C84D0100A50819 /* check.json in Resources */,
				E8654C4420C7055200A50819 /* 10_characters.xml in Resources */,
				E80219051F3979160027C662 /* LaunchScreen.storyboard in Resources */,
				E8654C5220C84D0C00A50819 /* error.json in Resources */,
				E8654C4320C7055200A50819 /* 11_characters.xml in Resources */,
				E80219021F3979160027C662 /* Assets.xcassets in Resources */,
				E8654C4720C7055200A50819 /* 8_characters.xml in Resources */,
				E8664E291F4F9E3C005D2F53 /* Localizable.strings in Resources */,
				E8654BC520C4E40000A50819 /* games.xml in Resources */,
				E8654C4220C7055200A50819 /* 12_characters.xml in Resources */,
				E8654C4620C7055200A50819 /* 13_characters.xml in Resources */,
				E8654C4520C7055200A50819 /* 9_characters.xml in Resources */,
				E8664E261F4F9E07005D2F53 /* Main.storyboard in Resources */,
			);
			runOnlyForDeploymentPostprocessing = 0;
		};
		E80219091F3979160027C662 /* Resources */ = {
			isa = PBXResourcesBuildPhase;
			buildActionMask = 2147483647;
			files = (
			);
			runOnlyForDeploymentPostprocessing = 0;
		};
		E80219141F3979160027C662 /* Resources */ = {
			isa = PBXResourcesBuildPhase;
			buildActionMask = 2147483647;
			files = (
			);
			runOnlyForDeploymentPostprocessing = 0;
		};
/* End PBXResourcesBuildPhase section */

/* Begin PBXShellScriptBuildPhase section */
		E8654BD620C4EDC400A50819 /* ShellScript */ = {
			isa = PBXShellScriptBuildPhase;
			buildActionMask = 2147483647;
			files = (
			);
			inputPaths = (
				"$(SRCROOT)/Carthage/Build/iOS/SnapKit.framework",
				"$(SRCROOT)/Carthage/Build/iOS/KeychainAccess.framework",
				"$(SRCROOT)/Carthage/Build/iOS/Lottie.framework",
			);
			outputPaths = (
			);
			runOnlyForDeploymentPostprocessing = 0;
			shellPath = /bin/sh;
			shellScript = "/usr/local/bin/carthage copy-frameworks";
		};
/* End PBXShellScriptBuildPhase section */

/* Begin PBXSourcesBuildPhase section */
		E80218F31F3979160027C662 /* Sources */ = {
			isa = PBXSourcesBuildPhase;
			buildActionMask = 2147483647;
			files = (
				E8654C2720C6510E00A50819 /* UIApplication+Helpers.swift in Sources */,
				E8654C0620C537FD00A50819 /* MatchTile.swift in Sources */,
				E8664E221F4F9DF3005D2F53 /* CharacterTile.swift in Sources */,
				E8664E121F4F9D89005D2F53 /* LocalizationManager.swift in Sources */,
				E8654C4B20C7572100A50819 /* KeychainManager.swift in Sources */,
				E8654BE020C4FA7000A50819 /* ControlPanelView.swift in Sources */,
				E8654C5C20CA499700A50819 /* HintCell.swift in Sources */,
				E8654BD120C4ECA800A50819 /* CollectionViewCell.swift in Sources */,
				E8654BFF20C531B800A50819 /* Sequence.swift in Sources */,
				E8664E2D1F4FA49F005D2F53 /* XMLParser.swift in Sources */,
				E8654C2220C6510E00A50819 /* UIView+Borders.swift in Sources */,
				E8664E0E1F4F9D76005D2F53 /* Styleguide.swift in Sources */,
				E8664E1C1F4F9DD5005D2F53 /* LettersView.swift in Sources */,
				E8654C3320C65B2900A50819 /* ResultsView.swift in Sources */,
				E8664E141F4F9D92005D2F53 /* GameSession.swift in Sources */,
				E8664E061F4F9D10005D2F53 /* ViewController.swift in Sources */,
				E8654BD320C4ECB500A50819 /* TimerView.swift in Sources */,
				E8664E101F4F9D7F005D2F53 /* StyleguideHelpers.swift in Sources */,
				E8654C2C20C6510E00A50819 /* UITableView+Helpers.swift in Sources */,
				E8654C0C20C60F0E00A50819 /* KTCenterFlowLayout.m in Sources */,
				E8664E201F4F9DE8005D2F53 /* StatsView.swift in Sources */,
				E8654C2D20C6510E00A50819 /* UIFont.swift in Sources */,
				E8654BD520C4ECC300A50819 /* TableViewCell.swift in Sources */,
				E8654C3520C6617700A50819 /* MainViewController.swift in Sources */,
				E8654C4D20C8426C00A50819 /* ScoreView.swift in Sources */,
				E8654C2320C6510E00A50819 /* String+Helpers.swift in Sources */,
				E8654BC720C4E4B700A50819 /* Word.swift in Sources */,
				E8654C2420C6510E00A50819 /* UIViewController+Helpers.swift in Sources */,
				E8664E0C1F4F9D6E005D2F53 /* Constants.swift in Sources */,
				E8664E1E1F4F9DDF005D2F53 /* GameplayViewModel.swift in Sources */,
				E8654C3920C66BBF00A50819 /* HintsView.swift in Sources */,
				E8654C2E20C6510E00A50819 /* UITableViewCell+Helpers.swift in Sources */,
				E8654C2620C6510E00A50819 /* Array+Helpers.swift in Sources */,
				E8664E181F4F9DC2005D2F53 /* GameplayViewController.swift in Sources */,
				E8664E1A1F4F9DCE005D2F53 /* MatchesView.swift in Sources */,
				E8664E081F4F9D58005D2F53 /* ViewModel.swift in Sources */,
				E8664E2B1F4FA3C9005D2F53 /* Game.swift in Sources */,
				E816CBB320CE2C500041A280 /* UIColor.swift in Sources */,
				E80218FB1F3979160027C662 /* AppDelegate.swift in Sources */,
				E8664E0A1F4F9D60005D2F53 /* LetterGame.swift in Sources */,
				E8654C2820C6510E00A50819 /* UIImage+Helpers.swift in Sources */,
				E8654C2520C6510E00A50819 /* UIView+NibLoading.swift in Sources */,
				E8654C2920C6510E00A50819 /* NSObject+Helpers.swift in Sources */,
				E8654C2A20C6510E00A50819 /* UINavigationItem+Styling.swift in Sources */,
				E8654C2F20C6510E00A50819 /* UICollectionView+Helpers.swift in Sources */,
				E8654C1320C6184200A50819 /* NavigationBar.swift in Sources */,
				E8654C3720C662CC00A50819 /* GameTypeButton.swift in Sources */,
				E8664E241F4F9DFD005D2F53 /* GuessedWord.swift in Sources */,
			);
			runOnlyForDeploymentPostprocessing = 0;
		};
		E80219071F3979160027C662 /* Sources */ = {
			isa = PBXSourcesBuildPhase;
			buildActionMask = 2147483647;
			files = (
				E80219101F3979160027C662 /* KelimeciTests.swift in Sources */,
			);
			runOnlyForDeploymentPostprocessing = 0;
		};
		E80219121F3979160027C662 /* Sources */ = {
			isa = PBXSourcesBuildPhase;
			buildActionMask = 2147483647;
			files = (
				E802191B1F3979160027C662 /* KelimeciUITests.swift in Sources */,
			);
			runOnlyForDeploymentPostprocessing = 0;
		};
/* End PBXSourcesBuildPhase section */

/* Begin PBXTargetDependency section */
		E802190D1F3979160027C662 /* PBXTargetDependency */ = {
			isa = PBXTargetDependency;
			target = E80218F61F3979160027C662 /* Kelimeci */;
			targetProxy = E802190C1F3979160027C662 /* PBXContainerItemProxy */;
		};
		E80219181F3979160027C662 /* PBXTargetDependency */ = {
			isa = PBXTargetDependency;
			target = E80218F61F3979160027C662 /* Kelimeci */;
			targetProxy = E80219171F3979160027C662 /* PBXContainerItemProxy */;
		};
/* End PBXTargetDependency section */

/* Begin PBXVariantGroup section */
		E80219031F3979160027C662 /* LaunchScreen.storyboard */ = {
			isa = PBXVariantGroup;
			children = (
				E80219041F3979160027C662 /* Base */,
			);
			name = LaunchScreen.storyboard;
			path = .;
			sourceTree = "<group>";
		};
/* End PBXVariantGroup section */

/* Begin XCBuildConfiguration section */
		E802191D1F3979160027C662 /* Debug */ = {
			isa = XCBuildConfiguration;
			buildSettings = {
				ALWAYS_SEARCH_USER_PATHS = NO;
				CLANG_ANALYZER_NONNULL = YES;
				CLANG_ANALYZER_NUMBER_OBJECT_CONVERSION = YES_AGGRESSIVE;
				CLANG_CXX_LANGUAGE_STANDARD = "gnu++0x";
				CLANG_CXX_LIBRARY = "libc++";
				CLANG_ENABLE_MODULES = YES;
				CLANG_ENABLE_OBJC_ARC = YES;
				CLANG_WARN_BOOL_CONVERSION = YES;
				CLANG_WARN_CONSTANT_CONVERSION = YES;
				CLANG_WARN_DIRECT_OBJC_ISA_USAGE = YES_ERROR;
				CLANG_WARN_DOCUMENTATION_COMMENTS = YES;
				CLANG_WARN_EMPTY_BODY = YES;
				CLANG_WARN_ENUM_CONVERSION = YES;
				CLANG_WARN_INFINITE_RECURSION = YES;
				CLANG_WARN_INT_CONVERSION = YES;
				CLANG_WARN_OBJC_ROOT_CLASS = YES_ERROR;
				CLANG_WARN_SUSPICIOUS_MOVE = YES;
				CLANG_WARN_UNREACHABLE_CODE = YES;
				CLANG_WARN__DUPLICATE_METHOD_MATCH = YES;
				"CODE_SIGN_IDENTITY[sdk=iphoneos*]" = "iPhone Developer";
				COPY_PHASE_STRIP = NO;
				DEBUG_INFORMATION_FORMAT = dwarf;
				ENABLE_STRICT_OBJC_MSGSEND = YES;
				ENABLE_TESTABILITY = YES;
				GCC_C_LANGUAGE_STANDARD = gnu99;
				GCC_DYNAMIC_NO_PIC = NO;
				GCC_NO_COMMON_BLOCKS = YES;
				GCC_OPTIMIZATION_LEVEL = 0;
				GCC_PREPROCESSOR_DEFINITIONS = (
					"DEBUG=1",
					"$(inherited)",
				);
				GCC_WARN_64_TO_32_BIT_CONVERSION = YES;
				GCC_WARN_ABOUT_RETURN_TYPE = YES_ERROR;
				GCC_WARN_UNDECLARED_SELECTOR = YES;
				GCC_WARN_UNINITIALIZED_AUTOS = YES_AGGRESSIVE;
				GCC_WARN_UNUSED_FUNCTION = YES;
				GCC_WARN_UNUSED_VARIABLE = YES;
				IPHONEOS_DEPLOYMENT_TARGET = 10.3;
				MTL_ENABLE_DEBUG_INFO = YES;
				ONLY_ACTIVE_ARCH = YES;
				SDKROOT = iphoneos;
				SWIFT_ACTIVE_COMPILATION_CONDITIONS = DEBUG;
				SWIFT_OPTIMIZATION_LEVEL = "-Onone";
				TARGETED_DEVICE_FAMILY = "1,2";
			};
			name = Debug;
		};
		E802191E1F3979160027C662 /* Release */ = {
			isa = XCBuildConfiguration;
			buildSettings = {
				ALWAYS_SEARCH_USER_PATHS = NO;
				CLANG_ANALYZER_NONNULL = YES;
				CLANG_ANALYZER_NUMBER_OBJECT_CONVERSION = YES_AGGRESSIVE;
				CLANG_CXX_LANGUAGE_STANDARD = "gnu++0x";
				CLANG_CXX_LIBRARY = "libc++";
				CLANG_ENABLE_MODULES = YES;
				CLANG_ENABLE_OBJC_ARC = YES;
				CLANG_WARN_BOOL_CONVERSION = YES;
				CLANG_WARN_CONSTANT_CONVERSION = YES;
				CLANG_WARN_DIRECT_OBJC_ISA_USAGE = YES_ERROR;
				CLANG_WARN_DOCUMENTATION_COMMENTS = YES;
				CLANG_WARN_EMPTY_BODY = YES;
				CLANG_WARN_ENUM_CONVERSION = YES;
				CLANG_WARN_INFINITE_RECURSION = YES;
				CLANG_WARN_INT_CONVERSION = YES;
				CLANG_WARN_OBJC_ROOT_CLASS = YES_ERROR;
				CLANG_WARN_SUSPICIOUS_MOVE = YES;
				CLANG_WARN_UNREACHABLE_CODE = YES;
				CLANG_WARN__DUPLICATE_METHOD_MATCH = YES;
				"CODE_SIGN_IDENTITY[sdk=iphoneos*]" = "iPhone Developer";
				COPY_PHASE_STRIP = NO;
				DEBUG_INFORMATION_FORMAT = "dwarf-with-dsym";
				ENABLE_NS_ASSERTIONS = NO;
				ENABLE_STRICT_OBJC_MSGSEND = YES;
				GCC_C_LANGUAGE_STANDARD = gnu99;
				GCC_NO_COMMON_BLOCKS = YES;
				GCC_WARN_64_TO_32_BIT_CONVERSION = YES;
				GCC_WARN_ABOUT_RETURN_TYPE = YES_ERROR;
				GCC_WARN_UNDECLARED_SELECTOR = YES;
				GCC_WARN_UNINITIALIZED_AUTOS = YES_AGGRESSIVE;
				GCC_WARN_UNUSED_FUNCTION = YES;
				GCC_WARN_UNUSED_VARIABLE = YES;
				IPHONEOS_DEPLOYMENT_TARGET = 10.3;
				MTL_ENABLE_DEBUG_INFO = NO;
				SDKROOT = iphoneos;
				SWIFT_OPTIMIZATION_LEVEL = "-Owholemodule";
				TARGETED_DEVICE_FAMILY = "1,2";
				VALIDATE_PRODUCT = YES;
			};
			name = Release;
		};
		E80219201F3979160027C662 /* Debug */ = {
			isa = XCBuildConfiguration;
			buildSettings = {
				ASSETCATALOG_COMPILER_APPICON_NAME = AppIcon;
				CODE_SIGN_IDENTITY = "iPhone Developer";
				CODE_SIGN_STYLE = Automatic;
				DEVELOPMENT_TEAM = M8RP4V9R4D;
				FRAMEWORK_SEARCH_PATHS = (
					"$(inherited)",
					"$(PROJECT_DIR)/Carthage/Build/iOS/**",
					"$(PROJECT_DIR)/Carthage/Build/iOS",
					"$(PROJECT_DIR)/Kelimeci",
				);
				INFOPLIST_FILE = Kelimeci/Info.plist;
				LD_RUNPATH_SEARCH_PATHS = "$(inherited) @executable_path/Frameworks";
				PRODUCT_BUNDLE_IDENTIFIER = com.topaloglu.kelimeci;
				PRODUCT_NAME = "$(TARGET_NAME)";
				PROVISIONING_PROFILE_SPECIFIER = "";
				SWIFT_OBJC_BRIDGING_HEADER = "$(SRCROOT)/Kelimeci/Kelimeci-Bridging-Header.h";
				SWIFT_VERSION = 4.0;
			};
			name = Debug;
		};
		E80219211F3979160027C662 /* Release */ = {
			isa = XCBuildConfiguration;
			buildSettings = {
				ASSETCATALOG_COMPILER_APPICON_NAME = AppIcon;
				CODE_SIGN_IDENTITY = "iPhone Developer";
				CODE_SIGN_STYLE = Automatic;
				DEVELOPMENT_TEAM = M8RP4V9R4D;
				FRAMEWORK_SEARCH_PATHS = (
					"$(inherited)",
					"$(PROJECT_DIR)/Carthage/Build/iOS/**",
					"$(PROJECT_DIR)/Carthage/Build/iOS",
					"$(PROJECT_DIR)/Kelimeci",
				);
				INFOPLIST_FILE = Kelimeci/Info.plist;
				LD_RUNPATH_SEARCH_PATHS = "$(inherited) @executable_path/Frameworks";
				PRODUCT_BUNDLE_IDENTIFIER = com.topaloglu.kelimeci;
				PRODUCT_NAME = "$(TARGET_NAME)";
				PROVISIONING_PROFILE_SPECIFIER = "";
				SWIFT_OBJC_BRIDGING_HEADER = "$(SRCROOT)/Kelimeci/Kelimeci-Bridging-Header.h";
				SWIFT_VERSION = 4.0;
			};
			name = Release;
		};
		E80219231F3979160027C662 /* Debug */ = {
			isa = XCBuildConfiguration;
			buildSettings = {
				ALWAYS_EMBED_SWIFT_STANDARD_LIBRARIES = YES;
				BUNDLE_LOADER = "$(TEST_HOST)";
				INFOPLIST_FILE = KelimeciTests/Info.plist;
				LD_RUNPATH_SEARCH_PATHS = "$(inherited) @executable_path/Frameworks @loader_path/Frameworks";
				PRODUCT_BUNDLE_IDENTIFIER = Topaloglu.KelimeciTests;
				PRODUCT_NAME = "$(TARGET_NAME)";
				SWIFT_VERSION = 3.0;
				TEST_HOST = "$(BUILT_PRODUCTS_DIR)/Kelimeci.app/Kelimeci";
			};
			name = Debug;
		};
		E80219241F3979160027C662 /* Release */ = {
			isa = XCBuildConfiguration;
			buildSettings = {
				ALWAYS_EMBED_SWIFT_STANDARD_LIBRARIES = YES;
				BUNDLE_LOADER = "$(TEST_HOST)";
				INFOPLIST_FILE = KelimeciTests/Info.plist;
				LD_RUNPATH_SEARCH_PATHS = "$(inherited) @executable_path/Frameworks @loader_path/Frameworks";
				PRODUCT_BUNDLE_IDENTIFIER = Topaloglu.KelimeciTests;
				PRODUCT_NAME = "$(TARGET_NAME)";
				SWIFT_VERSION = 3.0;
				TEST_HOST = "$(BUILT_PRODUCTS_DIR)/Kelimeci.app/Kelimeci";
			};
			name = Release;
		};
		E80219261F3979160027C662 /* Debug */ = {
			isa = XCBuildConfiguration;
			buildSettings = {
				ALWAYS_EMBED_SWIFT_STANDARD_LIBRARIES = YES;
				INFOPLIST_FILE = KelimeciUITests/Info.plist;
				LD_RUNPATH_SEARCH_PATHS = "$(inherited) @executable_path/Frameworks @loader_path/Frameworks";
				PRODUCT_BUNDLE_IDENTIFIER = Topaloglu.KelimeciUITests;
				PRODUCT_NAME = "$(TARGET_NAME)";
				SWIFT_VERSION = 3.0;
				TEST_TARGET_NAME = Kelimeci;
			};
			name = Debug;
		};
		E80219271F3979160027C662 /* Release */ = {
			isa = XCBuildConfiguration;
			buildSettings = {
				ALWAYS_EMBED_SWIFT_STANDARD_LIBRARIES = YES;
				INFOPLIST_FILE = KelimeciUITests/Info.plist;
				LD_RUNPATH_SEARCH_PATHS = "$(inherited) @executable_path/Frameworks @loader_path/Frameworks";
				PRODUCT_BUNDLE_IDENTIFIER = Topaloglu.KelimeciUITests;
				PRODUCT_NAME = "$(TARGET_NAME)";
				SWIFT_VERSION = 3.0;
				TEST_TARGET_NAME = Kelimeci;
			};
			name = Release;
		};
/* End XCBuildConfiguration section */

/* Begin XCConfigurationList section */
		E80218F21F3979160027C662 /* Build configuration list for PBXProject "Kelimeci" */ = {
			isa = XCConfigurationList;
			buildConfigurations = (
				E802191D1F3979160027C662 /* Debug */,
				E802191E1F3979160027C662 /* Release */,
			);
			defaultConfigurationIsVisible = 0;
			defaultConfigurationName = Release;
		};
		E802191F1F3979160027C662 /* Build configuration list for PBXNativeTarget "Kelimeci" */ = {
			isa = XCConfigurationList;
			buildConfigurations = (
				E80219201F3979160027C662 /* Debug */,
				E80219211F3979160027C662 /* Release */,
			);
			defaultConfigurationIsVisible = 0;
			defaultConfigurationName = Release;
		};
		E80219221F3979160027C662 /* Build configuration list for PBXNativeTarget "KelimeciTests" */ = {
			isa = XCConfigurationList;
			buildConfigurations = (
				E80219231F3979160027C662 /* Debug */,
				E80219241F3979160027C662 /* Release */,
			);
			defaultConfigurationIsVisible = 0;
			defaultConfigurationName = Release;
		};
		E80219251F3979160027C662 /* Build configuration list for PBXNativeTarget "KelimeciUITests" */ = {
			isa = XCConfigurationList;
			buildConfigurations = (
				E80219261F3979160027C662 /* Debug */,
				E80219271F3979160027C662 /* Release */,
			);
			defaultConfigurationIsVisible = 0;
			defaultConfigurationName = Release;
		};
/* End XCConfigurationList section */
	};
	rootObject = E80218EF1F3979160027C662 /* Project object */;
}
